
Microsoft Visual Studio Solution File, Format Version 12.00
# Visual Studio 2013
VisualStudioVersion = 12.0.30501.0
MinimumVisualStudioVersion = 10.0.40219.1
Project("{8BC9CEB8-8B4A-11D0-8D11-00A0C91BC942}") = "WriteOcad", "WriteOcad.vcxproj", "{A202174F-332E-4B17-A1B9-FC143A5F460E}"
EndProject
Project("{8BC9CEB8-8B4A-11D0-8D11-00A0C91BC942}") = "WriteODLL", "WriteODLL.vcxproj", "{42A763CC-841A-409F-96D7-A1B590E82564}"
EndProject
Global
	GlobalSection(SolutionConfigurationPlatforms) = preSolution
		Debug|Win32 = Debug|Win32
		Debug|x64 = Debug|x64
		Release|Win32 = Release|Win32
		Release|x64 = Release|x64
		x64_debug|Win32 = x64_debug|Win32
		x64_debug|x64 = x64_debug|x64
	EndGlobalSection
	GlobalSection(ProjectConfigurationPlatforms) = postSolution
		{A202174F-332E-4B17-A1B9-FC143A5F460E}.Debug|Win32.ActiveCfg = Debug|Win32
		{A202174F-332E-4B17-A1B9-FC143A5F460E}.Debug|Win32.Build.0 = Debug|Win32
		{A202174F-332E-4B17-A1B9-FC143A5F460E}.Debug|x64.ActiveCfg = Debug|x64
		{A202174F-332E-4B17-A1B9-FC143A5F460E}.Debug|x64.Build.0 = Debug|x64
		{A202174F-332E-4B17-A1B9-FC143A5F460E}.Release|Win32.ActiveCfg = Release|Win32
		{A202174F-332E-4B17-A1B9-FC143A5F460E}.Release|Win32.Build.0 = Release|Win32
		{A202174F-332E-4B17-A1B9-FC143A5F460E}.Release|x64.ActiveCfg = Release|x64
		{A202174F-332E-4B17-A1B9-FC143A5F460E}.Release|x64.Build.0 = Release|x64
		{A202174F-332E-4B17-A1B9-FC143A5F460E}.x64_debug|Win32.ActiveCfg = x64_debug|Win32
		{A202174F-332E-4B17-A1B9-FC143A5F460E}.x64_debug|Win32.Build.0 = x64_debug|Win32
		{A202174F-332E-4B17-A1B9-FC143A5F460E}.x64_debug|x64.ActiveCfg = x64_debug|x64
		{42A763CC-841A-409F-96D7-A1B590E82564}.Debug|Win32.ActiveCfg = Debug|Win32
		{42A763CC-841A-409F-96D7-A1B590E82564}.Debug|Win32.Build.0 = Debug|Win32
		{42A763CC-841A-409F-96D7-A1B590E82564}.Debug|x64.ActiveCfg = Debug|x64
		{42A763CC-841A-409F-96D7-A1B590E82564}.Debug|x64.Build.0 = Debug|x64
		{42A763CC-841A-409F-96D7-A1B590E82564}.Release|Win32.ActiveCfg = Release|Win32
		{42A763CC-841A-409F-96D7-A1B590E82564}.Release|Win32.Build.0 = Release|Win32
		{42A763CC-841A-409F-96D7-A1B590E82564}.Release|x64.ActiveCfg = Release|x64
		{42A763CC-841A-409F-96D7-A1B590E82564}.Release|x64.Build.0 = Release|x64
		{42A763CC-841A-409F-96D7-A1B590E82564}.x64_debug|Win32.ActiveCfg = x64_debug|Win32
		{42A763CC-841A-409F-96D7-A1B590E82564}.x64_debug|Win32.Build.0 = x64_debug|Win32
		{42A763CC-841A-409F-96D7-A1B590E82564}.x64_debug|x64.ActiveCfg = x64_debug|x64
	EndGlobalSection
	GlobalSection(SolutionProperties) = preSolution
		HideSolutionNode = FALSE
	EndGlobalSection
EndGlobal
